
Microsoft Visual Studio Solution File, Format Version 12.00
# Visual Studio Version 17
VisualStudioVersion = 17.5.33502.453
MinimumVisualStudioVersion = 10.0.40219.1
Project("{FAE04EC0-301F-11D3-BF4B-00C04F79EFBC}") = "market_satis_otomasyonu", "market_satis_otomasyonu.csproj", "{2815751B-E42D-4C61-BE00-5AC05A96B574}"
EndProject
Global
	GlobalSection(SolutionConfigurationPlatforms) = preSolution
		Debug|Any CPU = Debug|Any CPU
		Release|Any CPU = Release|Any CPU
	EndGlobalSection
	GlobalSection(ProjectConfigurationPlatforms) = postSolution
		{2815751B-E42D-4C61-BE00-5AC05A96B574}.Debug|Any CPU.ActiveCfg = Debug|Any CPU
		{2815751B-E42D-4C61-BE00-5AC05A96B574}.Debug|Any CPU.Build.0 = Debug|Any CPU
		{2815751B-E42D-4C61-BE00-5AC05A96B574}.Release|Any CPU.ActiveCfg = Release|Any CPU
		{2815751B-E42D-4C61-BE00-5AC05A96B574}.Release|Any CPU.Build.0 = Release|Any CPU
	EndGlobalSection
	GlobalSection(SolutionProperties) = preSolution
		HideSolutionNode = FALSE
	EndGlobalSection
	GlobalSection(ExtensibilityGlobals) = postSolution
		SolutionGuid = {786C84E5-75FB-4A5C-B156-105E20D25D70}
	EndGlobalSection
EndGlobal
